# THIS IS AN AUTOGENERATED FILE. DO NOT EDIT THIS FILE DIRECTLY.
# yarn lockfile v1


three@^0.110.0:
  version "0.110.0"
  resolved "https://registry.yarnpkg.com/three/-/three-0.110.0.tgz#8719591de1336269113ee79f4268ba247b2324f8"
  integrity sha512-wlurH8XBO9Sd5VIw8nBa+taLR20kqaI4e9FiuMh6tqK8eOS2q2R+ZoUyufbyDTVTHhs8GiTbv0r2CMLkwerFJg==
